
Microsoft Visual Studio Solution File, Format Version 12.00
# Visual Studio Version 16
VisualStudioVersion = 16.0.810.14
MinimumVisualStudioVersion = 10.0.40219.1
Project("{FAE04EC0-301F-11D3-BF4B-00C04F79EFBC}") = "Doan.Android", "Doan.Android\Doan.Android.csproj", "{A1AA7BF6-302D-450D-A86F-6E66C74FC86B}"
EndProject
Project("{FAE04EC0-301F-11D3-BF4B-00C04F79EFBC}") = "Doan.iOS", "Doan.iOS\Doan.iOS.csproj", "{3F59B93B-DA57-4E0A-BD47-FB7792BF21F4}"
EndProject
Project("{FAE04EC0-301F-11D3-BF4B-00C04F79EFBC}") = "Doan", "Doan\Doan.csproj", "{E0E5FC15-1ED6-4A8F-BD6E-012074F84108}"
EndProject
Global
	GlobalSection(SolutionConfigurationPlatforms) = preSolution
		Debug|Any CPU = Debug|Any CPU
		Release|Any CPU = Release|Any CPU
		Debug|iPhoneSimulator = Debug|iPhoneSimulator
		Release|iPhoneSimulator = Release|iPhoneSimulator
		Debug|iPhone = Debug|iPhone
		Release|iPhone = Release|iPhone
	EndGlobalSection
	GlobalSection(ProjectConfigurationPlatforms) = postSolution
		{A1AA7BF6-302D-450D-A86F-6E66C74FC86B}.Debug|Any CPU.ActiveCfg = Debug|Any CPU
		{A1AA7BF6-302D-450D-A86F-6E66C74FC86B}.Debug|Any CPU.Build.0 = Debug|Any CPU
		{A1AA7BF6-302D-450D-A86F-6E66C74FC86B}.Release|Any CPU.ActiveCfg = Release|Any CPU
		{A1AA7BF6-302D-450D-A86F-6E66C74FC86B}.Release|Any CPU.Build.0 = Release|Any CPU
		{A1AA7BF6-302D-450D-A86F-6E66C74FC86B}.Debug|iPhoneSimulator.ActiveCfg = Debug|Any CPU
		{A1AA7BF6-302D-450D-A86F-6E66C74FC86B}.Debug|iPhoneSimulator.Build.0 = Debug|Any CPU
		{A1AA7BF6-302D-450D-A86F-6E66C74FC86B}.Release|iPhoneSimulator.ActiveCfg = Release|Any CPU
		{A1AA7BF6-302D-450D-A86F-6E66C74FC86B}.Release|iPhoneSimulator.Build.0 = Release|Any CPU
		{A1AA7BF6-302D-450D-A86F-6E66C74FC86B}.Debug|iPhone.ActiveCfg = Debug|Any CPU
		{A1AA7BF6-302D-450D-A86F-6E66C74FC86B}.Debug|iPhone.Build.0 = Debug|Any CPU
		{A1AA7BF6-302D-450D-A86F-6E66C74FC86B}.Release|iPhone.ActiveCfg = Release|Any CPU
		{A1AA7BF6-302D-450D-A86F-6E66C74FC86B}.Release|iPhone.Build.0 = Release|Any CPU
		{3F59B93B-DA57-4E0A-BD47-FB7792BF21F4}.Debug|Any CPU.ActiveCfg = Debug|iPhoneSimulator
		{3F59B93B-DA57-4E0A-BD47-FB7792BF21F4}.Debug|Any CPU.Build.0 = Debug|iPhoneSimulator
		{3F59B93B-DA57-4E0A-BD47-FB7792BF21F4}.Release|Any CPU.ActiveCfg = Release|iPhoneSimulator
		{3F59B93B-DA57-4E0A-BD47-FB7792BF21F4}.Release|Any CPU.Build.0 = Release|iPhoneSimulator
		{3F59B93B-DA57-4E0A-BD47-FB7792BF21F4}.Debug|iPhoneSimulator.ActiveCfg = Debug|iPhoneSimulator
		{3F59B93B-DA57-4E0A-BD47-FB7792BF21F4}.Debug|iPhoneSimulator.Build.0 = Debug|iPhoneSimulator
		{3F59B93B-DA57-4E0A-BD47-FB7792BF21F4}.Release|iPhoneSimulator.ActiveCfg = Release|iPhoneSimulator
		{3F59B93B-DA57-4E0A-BD47-FB7792BF21F4}.Release|iPhoneSimulator.Build.0 = Release|iPhoneSimulator
		{3F59B93B-DA57-4E0A-BD47-FB7792BF21F4}.Debug|iPhone.ActiveCfg = Debug|iPhone
		{3F59B93B-DA57-4E0A-BD47-FB7792BF21F4}.Debug|iPhone.Build.0 = Debug|iPhone
		{3F59B93B-DA57-4E0A-BD47-FB7792BF21F4}.Release|iPhone.ActiveCfg = Release|iPhone
		{3F59B93B-DA57-4E0A-BD47-FB7792BF21F4}.Release|iPhone.Build.0 = Release|iPhone
		{E0E5FC15-1ED6-4A8F-BD6E-012074F84108}.Debug|Any CPU.ActiveCfg = Debug|Any CPU
		{E0E5FC15-1ED6-4A8F-BD6E-012074F84108}.Debug|Any CPU.Build.0 = Debug|Any CPU
		{E0E5FC15-1ED6-4A8F-BD6E-012074F84108}.Release|Any CPU.ActiveCfg = Release|Any CPU
		{E0E5FC15-1ED6-4A8F-BD6E-012074F84108}.Release|Any CPU.Build.0 = Release|Any CPU
		{E0E5FC15-1ED6-4A8F-BD6E-012074F84108}.Debug|iPhoneSimulator.ActiveCfg = Debug|Any CPU
		{E0E5FC15-1ED6-4A8F-BD6E-012074F84108}.Debug|iPhoneSimulator.Build.0 = Debug|Any CPU
		{E0E5FC15-1ED6-4A8F-BD6E-012074F84108}.Release|iPhoneSimulator.ActiveCfg = Release|Any CPU
		{E0E5FC15-1ED6-4A8F-BD6E-012074F84108}.Release|iPhoneSimulator.Build.0 = Release|Any CPU
		{E0E5FC15-1ED6-4A8F-BD6E-012074F84108}.Debug|iPhone.ActiveCfg = Debug|Any CPU
		{E0E5FC15-1ED6-4A8F-BD6E-012074F84108}.Debug|iPhone.Build.0 = Debug|Any CPU
		{E0E5FC15-1ED6-4A8F-BD6E-012074F84108}.Release|iPhone.ActiveCfg = Release|Any CPU
		{E0E5FC15-1ED6-4A8F-BD6E-012074F84108}.Release|iPhone.Build.0 = Release|Any CPU
	EndGlobalSection
	GlobalSection(SolutionProperties) = preSolution
		HideSolutionNode = FALSE
	EndGlobalSection
	GlobalSection(ExtensibilityGlobals) = postSolution
		SolutionGuid = {8B9ECA45-6DA5-4861-9ABD-DDE9983DF85A}
	EndGlobalSection
EndGlobal
